
Microsoft Visual Studio Solution File, Format Version 12.00
# Visual Studio Version 16
VisualStudioVersion = 16.0.32002.261
MinimumVisualStudioVersion = 10.0.40219.1
Project("{8BC9CEB8-8B4A-11D0-8D11-00A0C91BC942}") = "codechef_jan23", "codechef_jan23.vcxproj", "{2AF2989B-5A8F-469B-880A-E06BC6727695}"
EndProject
Global
	GlobalSection(SolutionConfigurationPlatforms) = preSolution
		Debug|x64 = Debug|x64
		Debug|x86 = Debug|x86
		Release|x64 = Release|x64
		Release|x86 = Release|x86
	EndGlobalSection
	GlobalSection(ProjectConfigurationPlatforms) = postSolution
		{2AF2989B-5A8F-469B-880A-E06BC6727695}.Debug|x64.ActiveCfg = Debug|x64
		{2AF2989B-5A8F-469B-880A-E06BC6727695}.Debug|x64.Build.0 = Debug|x64
		{2AF2989B-5A8F-469B-880A-E06BC6727695}.Debug|x86.ActiveCfg = Debug|Win32
		{2AF2989B-5A8F-469B-880A-E06BC6727695}.Debug|x86.Build.0 = Debug|Win32
		{2AF2989B-5A8F-469B-880A-E06BC6727695}.Release|x64.ActiveCfg = Release|x64
		{2AF2989B-5A8F-469B-880A-E06BC6727695}.Release|x64.Build.0 = Release|x64
		{2AF2989B-5A8F-469B-880A-E06BC6727695}.Release|x86.ActiveCfg = Release|Win32
		{2AF2989B-5A8F-469B-880A-E06BC6727695}.Release|x86.Build.0 = Release|Win32
	EndGlobalSection
	GlobalSection(SolutionProperties) = preSolution
		HideSolutionNode = FALSE
	EndGlobalSection
	GlobalSection(ExtensibilityGlobals) = postSolution
		SolutionGuid = {964ECD6C-34BB-4479-AB14-F87C9076F8D8}
	EndGlobalSection
EndGlobal
